
Microsoft Visual Studio Solution File, Format Version 12.00
# Visual Studio Version 17
VisualStudioVersion = 17.14.36221.1 d17.14
MinimumVisualStudioVersion = 10.0.40219.1
Project("{FAE04EC0-301F-11D3-BF4B-00C04F79EFBC}") = "McpForm-net-framework", "McpForm-net-framework\McpForm-net-framework.csproj", "{650997BF-DF95-4147-8C61-9AC65C5863E7}"
EndProject
Global
	GlobalSection(SolutionConfigurationPlatforms) = preSolution
		Debug|Any CPU = Debug|Any CPU
		Release|Any CPU = Release|Any CPU
	EndGlobalSection
	GlobalSection(ProjectConfigurationPlatforms) = postSolution
		{650997BF-DF95-4147-8C61-9AC65C5863E7}.Debug|Any CPU.ActiveCfg = Debug|Any CPU
		{650997BF-DF95-4147-8C61-9AC65C5863E7}.Debug|Any CPU.Build.0 = Debug|Any CPU
		{650997BF-DF95-4147-8C61-9AC65C5863E7}.Release|Any CPU.ActiveCfg = Release|Any CPU
		{650997BF-DF95-4147-8C61-9AC65C5863E7}.Release|Any CPU.Build.0 = Release|Any CPU
	EndGlobalSection
	GlobalSection(SolutionProperties) = preSolution
		HideSolutionNode = FALSE
	EndGlobalSection
	GlobalSection(ExtensibilityGlobals) = postSolution
		SolutionGuid = {026F23AB-FB6F-434F-AE74-84CD2D6FFD8A}
	EndGlobalSection
EndGlobal
